
Microsoft Visual Studio Solution File, Format Version 12.00
# Visual Studio Version 16
VisualStudioVersion = 16.0.29209.62
MinimumVisualStudioVersion = 10.0.40219.1
Project("{FAE04EC0-301F-11D3-BF4B-00C04F79EFBC}") = "Queue-Stack-Question", "Queue-Stack-Question\Queue-Stack-Question.csproj", "{FB46B4ED-4D4C-4B67-8441-320932D2F052}"
EndProject
Global
	GlobalSection(SolutionConfigurationPlatforms) = preSolution
		Debug|Any CPU = Debug|Any CPU
		Release|Any CPU = Release|Any CPU
	EndGlobalSection
	GlobalSection(ProjectConfigurationPlatforms) = postSolution
		{FB46B4ED-4D4C-4B67-8441-320932D2F052}.Debug|Any CPU.ActiveCfg = Debug|Any CPU
		{FB46B4ED-4D4C-4B67-8441-320932D2F052}.Debug|Any CPU.Build.0 = Debug|Any CPU
		{FB46B4ED-4D4C-4B67-8441-320932D2F052}.Release|Any CPU.ActiveCfg = Release|Any CPU
		{FB46B4ED-4D4C-4B67-8441-320932D2F052}.Release|Any CPU.Build.0 = Release|Any CPU
	EndGlobalSection
	GlobalSection(SolutionProperties) = preSolution
		HideSolutionNode = FALSE
	EndGlobalSection
	GlobalSection(ExtensibilityGlobals) = postSolution
		SolutionGuid = {ECF6ADA1-A038-4371-9C78-B96E890F48C0}
	EndGlobalSection
EndGlobal
